github.com/hunterhug/marmot v1.0.4 h1:6LkHGm1CvstTutTTDM6sOxcdUENtSFF566h54a82Qlg=
github.com/hunterhug/marmot v1.0.4/go.mod h1:BRbHaZhn1iPx6perMa2qeB7aHYVLZ5V+jol+7++2mX0=
github.com/hunterhug/parrot v0.0.0-20181221092606-6af97adffe79 h1:zjrzmH1w95p2+mQzMNo0spoGMWDgFZcdwumjMLvOKo0=
github.com/hunterhug/parrot v0.0.0-20181221092606-6af97adffe79/go.mod h1:TIouF9+gCMr56czbu+/nhZGAnxymEErO5t9Axz/nhns=
github.com/lunny/html2md v0.0.0-20181018071239-7d234de44546 h1:hqxaQP14eTbeZGHZhsDInzj9sJAnEufjVQL4bEA/p+8=
github.com/lunny/html2md v0.0.0-20181018071239-7d234de44546/go.mod h1:lUUaVYlpAQ1Oo6vIZfec6CXQZjOvFZLyqaR8Dl7m+hk=
